
Microsoft Visual Studio Solution File, Format Version 12.00
# Visual Studio Version 17
VisualStudioVersion = 17.6.33815.320
MinimumVisualStudioVersion = 10.0.40219.1
Project("{FAE04EC0-301F-11D3-BF4B-00C04F79EFBC}") = "glm_api_call_test", "glm_api_call_test\glm_api_call_test.csproj", "{7A0CC5C5-C49A-4FF2-A634-6F594C2F5FAF}"
EndProject
Global
	GlobalSection(SolutionConfigurationPlatforms) = preSolution
		Debug|Any CPU = Debug|Any CPU
		Release|Any CPU = Release|Any CPU
	EndGlobalSection
	GlobalSection(ProjectConfigurationPlatforms) = postSolution
		{7A0CC5C5-C49A-4FF2-A634-6F594C2F5FAF}.Debug|Any CPU.ActiveCfg = Debug|Any CPU
		{7A0CC5C5-C49A-4FF2-A634-6F594C2F5FAF}.Debug|Any CPU.Build.0 = Debug|Any CPU
		{7A0CC5C5-C49A-4FF2-A634-6F594C2F5FAF}.Release|Any CPU.ActiveCfg = Release|Any CPU
		{7A0CC5C5-C49A-4FF2-A634-6F594C2F5FAF}.Release|Any CPU.Build.0 = Release|Any CPU
	EndGlobalSection
	GlobalSection(SolutionProperties) = preSolution
		HideSolutionNode = FALSE
	EndGlobalSection
	GlobalSection(ExtensibilityGlobals) = postSolution
		SolutionGuid = {9024EF7A-1175-4E51-9966-88C751C20204}
	EndGlobalSection
EndGlobal
